
Microsoft Visual Studio Solution File, Format Version 12.00
# Visual Studio Version 16
VisualStudioVersion = 16.0.31205.134
MinimumVisualStudioVersion = 10.0.40219.1
Project("{9A19103F-16F7-4668-BE54-9A1E7A4F7556}") = "Socket以太网助手", "Socket服务器\Socket以太网助手.csproj", "{DE730437-AF27-4BAE-AAAA-B787FBCFD113}"
EndProject
Global
	GlobalSection(SolutionConfigurationPlatforms) = preSolution
		Debug|Any CPU = Debug|Any CPU
		Release|Any CPU = Release|Any CPU
	EndGlobalSection
	GlobalSection(ProjectConfigurationPlatforms) = postSolution
		{DE730437-AF27-4BAE-AAAA-B787FBCFD113}.Debug|Any CPU.ActiveCfg = Debug|Any CPU
		{DE730437-AF27-4BAE-AAAA-B787FBCFD113}.Debug|Any CPU.Build.0 = Debug|Any CPU
		{DE730437-AF27-4BAE-AAAA-B787FBCFD113}.Release|Any CPU.ActiveCfg = Release|Any CPU
		{DE730437-AF27-4BAE-AAAA-B787FBCFD113}.Release|Any CPU.Build.0 = Release|Any CPU
	EndGlobalSection
	GlobalSection(SolutionProperties) = preSolution
		HideSolutionNode = FALSE
	EndGlobalSection
	GlobalSection(ExtensibilityGlobals) = postSolution
		SolutionGuid = {D1DB3D5F-A227-40BA-96CD-EFF09E07513A}
	EndGlobalSection
EndGlobal
